
Microsoft Visual Studio Solution File, Format Version 12.00
# Visual Studio Version 17
VisualStudioVersion = 17.9.34714.143
MinimumVisualStudioVersion = 10.0.40219.1
Project("{9A19103F-16F7-4668-BE54-9A1E7A4F7556}") = "FlexiFit_AdminPanel", "FlexiFit_AdminPanel.csproj", "{3889CD38-6608-4967-9DF6-FD892FD0F8B0}"
EndProject
Global
	GlobalSection(SolutionConfigurationPlatforms) = preSolution
		Debug|Any CPU = Debug|Any CPU
		Release|Any CPU = Release|Any CPU
	EndGlobalSection
	GlobalSection(ProjectConfigurationPlatforms) = postSolution
		{3889CD38-6608-4967-9DF6-FD892FD0F8B0}.Debug|Any CPU.ActiveCfg = Debug|Any CPU
		{3889CD38-6608-4967-9DF6-FD892FD0F8B0}.Debug|Any CPU.Build.0 = Debug|Any CPU
		{3889CD38-6608-4967-9DF6-FD892FD0F8B0}.Release|Any CPU.ActiveCfg = Release|Any CPU
		{3889CD38-6608-4967-9DF6-FD892FD0F8B0}.Release|Any CPU.Build.0 = Release|Any CPU
	EndGlobalSection
	GlobalSection(SolutionProperties) = preSolution
		HideSolutionNode = FALSE
	EndGlobalSection
	GlobalSection(ExtensibilityGlobals) = postSolution
		SolutionGuid = {17DCB216-8D85-44B3-BD1D-48E50CDC60B7}
	EndGlobalSection
EndGlobal
